
Microsoft Visual Studio Solution File, Format Version 12.00
# Visual Studio Version 17
VisualStudioVersion = 17.3.32825.248
MinimumVisualStudioVersion = 10.0.40219.1
Project("{FAE04EC0-301F-11D3-BF4B-00C04F79EFBC}") = "AppConsole", "AppConsole\AppConsole.csproj", "{CAE37F25-289B-478E-B85E-128476825761}"
EndProject
Project("{FAE04EC0-301F-11D3-BF4B-00C04F79EFBC}") = "CalcoliEconomici", "CalcoliEconomici\CalcoliEconomici.csproj", "{EB57205B-8830-49C9-B8AF-7A7A8848E38F}"
EndProject
Global
	GlobalSection(SolutionConfigurationPlatforms) = preSolution
		Debug|Any CPU = Debug|Any CPU
		Release|Any CPU = Release|Any CPU
	EndGlobalSection
	GlobalSection(ProjectConfigurationPlatforms) = postSolution
		{CAE37F25-289B-478E-B85E-128476825761}.Debug|Any CPU.ActiveCfg = Debug|Any CPU
		{CAE37F25-289B-478E-B85E-128476825761}.Debug|Any CPU.Build.0 = Debug|Any CPU
		{CAE37F25-289B-478E-B85E-128476825761}.Release|Any CPU.ActiveCfg = Release|Any CPU
		{CAE37F25-289B-478E-B85E-128476825761}.Release|Any CPU.Build.0 = Release|Any CPU
		{EB57205B-8830-49C9-B8AF-7A7A8848E38F}.Debug|Any CPU.ActiveCfg = Debug|Any CPU
		{EB57205B-8830-49C9-B8AF-7A7A8848E38F}.Debug|Any CPU.Build.0 = Debug|Any CPU
		{EB57205B-8830-49C9-B8AF-7A7A8848E38F}.Release|Any CPU.ActiveCfg = Release|Any CPU
		{EB57205B-8830-49C9-B8AF-7A7A8848E38F}.Release|Any CPU.Build.0 = Release|Any CPU
	EndGlobalSection
	GlobalSection(SolutionProperties) = preSolution
		HideSolutionNode = FALSE
	EndGlobalSection
	GlobalSection(ExtensibilityGlobals) = postSolution
		SolutionGuid = {6453CCAE-2182-43D3-B85E-CD8D2B4A172B}
	EndGlobalSection
EndGlobal
